
Microsoft Visual Studio Solution File, Format Version 12.00
# Visual Studio Version 16
VisualStudioVersion = 16.0.32228.343
MinimumVisualStudioVersion = 10.0.40219.1
Project("{FAE04EC0-301F-11D3-BF4B-00C04F79EFBC}") = "web", "web\web.csproj", "{119F9ACF-3F83-4269-9150-A0A859E93940}"
EndProject
Global
	GlobalSection(SolutionConfigurationPlatforms) = preSolution
		Debug|Any CPU = Debug|Any CPU
		Release|Any CPU = Release|Any CPU
	EndGlobalSection
	GlobalSection(ProjectConfigurationPlatforms) = postSolution
		{119F9ACF-3F83-4269-9150-A0A859E93940}.Debug|Any CPU.ActiveCfg = Debug|Any CPU
		{119F9ACF-3F83-4269-9150-A0A859E93940}.Debug|Any CPU.Build.0 = Debug|Any CPU
		{119F9ACF-3F83-4269-9150-A0A859E93940}.Release|Any CPU.ActiveCfg = Release|Any CPU
		{119F9ACF-3F83-4269-9150-A0A859E93940}.Release|Any CPU.Build.0 = Release|Any CPU
	EndGlobalSection
	GlobalSection(SolutionProperties) = preSolution
		HideSolutionNode = FALSE
	EndGlobalSection
	GlobalSection(ExtensibilityGlobals) = postSolution
		SolutionGuid = {34F72FA7-767C-4725-B12E-7B33A5D938F4}
	EndGlobalSection
EndGlobal
